github.com/lib/pq v1.3.0 h1:/qkRGz8zljWiDcFvgpwUpwIAPu3r07TDvs3Rws+o/pU=
github.com/lib/pq v1.3.0/go.mod h1:5WUZQaWbwv1U+lTReE5YruASi9Al49XbQIvNi/34Woo=
github.com/louislaugier/projet-data-scripts v0.0.0-20200401123613-880ab24a7e61 h1:o0aQ5cEm6hEvNH6sAUeimhFzhb1HJ0nGS6gCiwABTsQ=
github.com/louislaugier/projet-data-scripts v0.0.0-20200401150031-aea2754e25f7 h1:+Gni2i8eVMSBpGwdCgLhKqdV4P80ji6S0DXyQRp7RLo=
github.com/louislaugier/projet-data-scripts v0.0.0-20200401213023-836413adf89a h1:PLx9BPEv2QGP2mxSI13YhKHpKhEh7DJ0FQg6eStIW5U=
github.com/louislaugier/projet-data-scripts v0.0.0-20200403203723-93e72404d26c h1:LFOSpWUd+2MioMBAHddXVHh1P9tf6mNASbiSJSBxJxg=
github.com/louislaugier/projet-data-scripts v0.0.0-20200403212214-111f5085b801 h1:ohDn2ZDU5reLW38xxkM9LvIWLp00o9flwcors1mllUc=
github.com/louislaugier/projet-data-scripts v0.0.0-20200403221441-fcc2abac6f61 h1:hagt7s3sci4OM8kdYmP+wEpCyL1YWN4VpVr8a4GfQnQ=
github.com/louislaugier/projet-data-scripts v0.0.0-20200404180317-00a62ac22659 h1:rp7hW5IK0RIc5ZXcZ1uSGJqH6yluGGhwSOMF9wzaQmM=
